// !$*UTF8*$!
{
	archiveVersion = 1;
	classes = {
	};
	objectVersion = 46;
	objects = {

/* Begin PBXBuildFile section */
		BB6D74EF1D6954B012419D77 /* Pods_Tune_In.framework in Frameworks */ = {isa = PBXBuildFile; fileRef = 7F9D54739BB49ABC65AFD584 /* Pods_Tune_In.framework */; };
		FA124FE71D3C1E4900F77434 /* AppDelegate.swift in Sources */ = {isa = PBXBuildFile; fileRef = FA124FE61D3C1E4900F77434 /* AppDelegate.swift */; };
		FA124FEE1D3C1E4900F77434 /* Assets.xcassets in Resources */ = {isa = PBXBuildFile; fileRef = FA124FED1D3C1E4900F77434 /* Assets.xcassets */; };
		FA124FF11D3C1E4900F77434 /* LaunchScreen.storyboard in Resources */ = {isa = PBXBuildFile; fileRef = FA124FEF1D3C1E4900F77434 /* LaunchScreen.storyboard */; };
		FA124FFE1D3C2E0600F77434 /* ViewController.swift in Sources */ = {isa = PBXBuildFile; fileRef = FA124FFC1D3C2E0600F77434 /* ViewController.swift */; };
		FA124FFF1D3C2E0600F77434 /* ViewController.xib in Resources */ = {isa = PBXBuildFile; fileRef = FA124FFD1D3C2E0600F77434 /* ViewController.xib */; };
		FA1250021D3CC92D00F77434 /* Montserrat-Bold.ttf in Resources */ = {isa = PBXBuildFile; fileRef = FA1250001D3CC92D00F77434 /* Montserrat-Bold.ttf */; };
		FA1250031D3CC92D00F77434 /* Montserrat-Regular.ttf in Resources */ = {isa = PBXBuildFile; fileRef = FA1250011D3CC92D00F77434 /* Montserrat-Regular.ttf */; };
		FA1250051D3CCA3D00F77434 /* CustomColors.swift in Sources */ = {isa = PBXBuildFile; fileRef = FA1250041D3CCA3D00F77434 /* CustomColors.swift */; };
		FA1250081D3CD1FB00F77434 /* TableViewCell.swift in Sources */ = {isa = PBXBuildFile; fileRef = FA1250061D3CD1FB00F77434 /* TableViewCell.swift */; };
		FA1250091D3CD1FB00F77434 /* TableViewCell.xib in Resources */ = {isa = PBXBuildFile; fileRef = FA1250071D3CD1FB00F77434 /* TableViewCell.xib */; };
		FA12501E1D3CD57300F77434 /* ArtistEntry.swift in Sources */ = {isa = PBXBuildFile; fileRef = FA12501D1D3CD57300F77434 /* ArtistEntry.swift */; };
		FA1250201D3CD6EF00F77434 /* ArtistsController.swift in Sources */ = {isa = PBXBuildFile; fileRef = FA12501F1D3CD6EF00F77434 /* ArtistsController.swift */; };
		FA1250471D3D14F300F77434 /* ArtistViewController.swift in Sources */ = {isa = PBXBuildFile; fileRef = FA1250451D3D14F300F77434 /* ArtistViewController.swift */; };
		FA1250481D3D14F300F77434 /* ArtistViewController.xib in Resources */ = {isa = PBXBuildFile; fileRef = FA1250461D3D14F300F77434 /* ArtistViewController.xib */; };
		FA12504A1D3E292A00F77434 /* WebService.swift in Sources */ = {isa = PBXBuildFile; fileRef = FA1250491D3E292A00F77434 /* WebService.swift */; };
/* End PBXBuildFile section */

/* Begin PBXFileReference section */
		152DA8CED487FEA7742BBDF2 /* Pods-Tune In.debug.xcconfig */ = {isa = PBXFileReference; includeInIndex = 1; lastKnownFileType = text.xcconfig; name = "Pods-Tune In.debug.xcconfig"; path = "Pods/Target Support Files/Pods-Tune In/Pods-Tune In.debug.xcconfig"; sourceTree = "<group>"; };
		7F9D54739BB49ABC65AFD584 /* Pods_Tune_In.framework */ = {isa = PBXFileReference; explicitFileType = wrapper.framework; includeInIndex = 0; path = Pods_Tune_In.framework; sourceTree = BUILT_PRODUCTS_DIR; };
		8F05DD3E5176DA6935DA4480 /* Pods-Tune In.release.xcconfig */ = {isa = PBXFileReference; includeInIndex = 1; lastKnownFileType = text.xcconfig; name = "Pods-Tune In.release.xcconfig"; path = "Pods/Target Support Files/Pods-Tune In/Pods-Tune In.release.xcconfig"; sourceTree = "<group>"; };
		FA124FE31D3C1E4900F77434 /* Tune In.app */ = {isa = PBXFileReference; explicitFileType = wrapper.application; includeInIndex = 0; path = "Tune In.app"; sourceTree = BUILT_PRODUCTS_DIR; };
		FA124FE61D3C1E4900F77434 /* AppDelegate.swift */ = {isa = PBXFileReference; lastKnownFileType = sourcecode.swift; path = AppDelegate.swift; sourceTree = "<group>"; };
		FA124FED1D3C1E4900F77434 /* Assets.xcassets */ = {isa = PBXFileReference; lastKnownFileType = folder.assetcatalog; path = Assets.xcassets; sourceTree = "<group>"; };
		FA124FF01D3C1E4900F77434 /* Base */ = {isa = PBXFileReference; lastKnownFileType = file.storyboard; name = Base; path = Base.lproj/LaunchScreen.storyboard; sourceTree = "<group>"; };
		FA124FF21D3C1E4900F77434 /* Info.plist */ = {isa = PBXFileReference; lastKnownFileType = text.plist.xml; path = Info.plist; sourceTree = "<group>"; };
		FA124FFC1D3C2E0600F77434 /* ViewController.swift */ = {isa = PBXFileReference; fileEncoding = 4; lastKnownFileType = sourcecode.swift; path = ViewController.swift; sourceTree = "<group>"; };
		FA124FFD1D3C2E0600F77434 /* ViewController.xib */ = {isa = PBXFileReference; fileEncoding = 4; lastKnownFileType = file.xib; path = ViewController.xib; sourceTree = "<group>"; };
		FA1250001D3CC92D00F77434 /* Montserrat-Bold.ttf */ = {isa = PBXFileReference; lastKnownFileType = file; name = "Montserrat-Bold.ttf"; path = "../../../../../Downloads/relate-sketch/fonts/Montserrat/Montserrat-Bold.ttf"; sourceTree = "<group>"; };
		FA1250011D3CC92D00F77434 /* Montserrat-Regular.ttf */ = {isa = PBXFileReference; lastKnownFileType = file; name = "Montserrat-Regular.ttf"; path = "../../../../../Downloads/relate-sketch/fonts/Montserrat/Montserrat-Regular.ttf"; sourceTree = "<group>"; };
		FA1250041D3CCA3D00F77434 /* CustomColors.swift */ = {isa = PBXFileReference; fileEncoding = 4; lastKnownFileType = sourcecode.swift; path = CustomColors.swift; sourceTree = "<group>"; };
		FA1250061D3CD1FB00F77434 /* TableViewCell.swift */ = {isa = PBXFileReference; fileEncoding = 4; lastKnownFileType = sourcecode.swift; path = TableViewCell.swift; sourceTree = "<group>"; };
		FA1250071D3CD1FB00F77434 /* TableViewCell.xib */ = {isa = PBXFileReference; fileEncoding = 4; lastKnownFileType = file.xib; path = TableViewCell.xib; sourceTree = "<group>"; };
		FA12500A1D3CD37D00F77434 /* Raleway-Black.ttf */ = {isa = PBXFileReference; lastKnownFileType = file; name = "Raleway-Black.ttf"; path = "../../../../../Downloads/raleway/Raleway-Black.ttf"; sourceTree = "<group>"; };
		FA12500B1D3CD37D00F77434 /* Raleway-BlackItalic.ttf */ = {isa = PBXFileReference; lastKnownFileType = file; name = "Raleway-BlackItalic.ttf"; path = "../../../../../Downloads/raleway/Raleway-BlackItalic.ttf"; sourceTree = "<group>"; };
		FA12500C1D3CD37D00F77434 /* Raleway-Bold.ttf */ = {isa = PBXFileReference; lastKnownFileType = file; name = "Raleway-Bold.ttf"; path = "../../../../../Downloads/raleway/Raleway-Bold.ttf"; sourceTree = "<group>"; };
		FA12500D1D3CD37D00F77434 /* Raleway-BoldItalic.ttf */ = {isa = PBXFileReference; lastKnownFileType = file; name = "Raleway-BoldItalic.ttf"; path = "../../../../../Downloads/raleway/Raleway-BoldItalic.ttf"; sourceTree = "<group>"; };
		FA12500E1D3CD37D00F77434 /* Raleway-ExtraBold.ttf */ = {isa = PBXFileReference; lastKnownFileType = file; name = "Raleway-ExtraBold.ttf"; path = "../../../../../Downloads/raleway/Raleway-ExtraBold.ttf"; sourceTree = "<group>"; };
		FA12500F1D3CD37D00F77434 /* Raleway-ExtraBoldItalic.ttf */ = {isa = PBXFileReference; lastKnownFileType = file; name = "Raleway-ExtraBoldItalic.ttf"; path = "../../../../../Downloads/raleway/Raleway-ExtraBoldItalic.ttf"; sourceTree = "<group>"; };
		FA1250101D3CD37D00F77434 /* Raleway-ExtraLight.ttf */ = {isa = PBXFileReference; lastKnownFileType = file; name = "Raleway-ExtraLight.ttf"; path = "../../../../../Downloads/raleway/Raleway-ExtraLight.ttf"; sourceTree = "<group>"; };
		FA1250111D3CD37D00F77434 /* Raleway-ExtraLightItalic.ttf */ = {isa = PBXFileReference; lastKnownFileType = file; name = "Raleway-ExtraLightItalic.ttf"; path = "../../../../../Downloads/raleway/Raleway-ExtraLightItalic.ttf"; sourceTree = "<group>"; };
		FA1250121D3CD37D00F77434 /* Raleway-Italic.ttf */ = {isa = PBXFileReference; lastKnownFileType = file; name = "Raleway-Italic.ttf"; path = "../../../../../Downloads/raleway/Raleway-Italic.ttf"; sourceTree = "<group>"; };
		FA1250131D3CD37D00F77434 /* Raleway-Light.ttf */ = {isa = PBXFileReference; lastKnownFileType = file; name = "Raleway-Light.ttf"; path = "../../../../../Downloads/raleway/Raleway-Light.ttf"; sourceTree = "<group>"; };
		FA1250141D3CD37D00F77434 /* Raleway-LightItalic.ttf */ = {isa = PBXFileReference; lastKnownFileType = file; name = "Raleway-LightItalic.ttf"; path = "../../../../../Downloads/raleway/Raleway-LightItalic.ttf"; sourceTree = "<group>"; };
		FA1250151D3CD37D00F77434 /* Raleway-Medium.ttf */ = {isa = PBXFileReference; lastKnownFileType = file; name = "Raleway-Medium.ttf"; path = "../../../../../Downloads/raleway/Raleway-Medium.ttf"; sourceTree = "<group>"; };
		FA1250161D3CD37D00F77434 /* Raleway-MediumItalic.ttf */ = {isa = PBXFileReference; lastKnownFileType = file; name = "Raleway-MediumItalic.ttf"; path = "../../../../../Downloads/raleway/Raleway-MediumItalic.ttf"; sourceTree = "<group>"; };
		FA1250171D3CD37D00F77434 /* Raleway-Regular.ttf */ = {isa = PBXFileReference; lastKnownFileType = file; name = "Raleway-Regular.ttf"; path = "../../../../../Downloads/raleway/Raleway-Regular.ttf"; sourceTree = "<group>"; };
		FA1250181D3CD37D00F77434 /* Raleway-SemiBold.ttf */ = {isa = PBXFileReference; lastKnownFileType = file; name = "Raleway-SemiBold.ttf"; path = "../../../../../Downloads/raleway/Raleway-SemiBold.ttf"; sourceTree = "<group>"; };
		FA1250191D3CD37D00F77434 /* Raleway-SemiBoldItalic.ttf */ = {isa = PBXFileReference; lastKnownFileType = file; name = "Raleway-SemiBoldItalic.ttf"; path = "../../../../../Downloads/raleway/Raleway-SemiBoldItalic.ttf"; sourceTree = "<group>"; };
		FA12501A1D3CD37D00F77434 /* Raleway-Thin.ttf */ = {isa = PBXFileReference; lastKnownFileType = file; name = "Raleway-Thin.ttf"; path = "../../../../../Downloads/raleway/Raleway-Thin.ttf"; sourceTree = "<group>"; };
		FA12501B1D3CD37D00F77434 /* Raleway-ThinItalic.ttf */ = {isa = PBXFileReference; lastKnownFileType = file; name = "Raleway-ThinItalic.ttf"; path = "../../../../../Downloads/raleway/Raleway-ThinItalic.ttf"; sourceTree = "<group>"; };
		FA12501D1D3CD57300F77434 /* ArtistEntry.swift */ = {isa = PBXFileReference; fileEncoding = 4; lastKnownFileType = sourcecode.swift; path = ArtistEntry.swift; sourceTree = "<group>"; };
		FA12501F1D3CD6EF00F77434 /* ArtistsController.swift */ = {isa = PBXFileReference; fileEncoding = 4; lastKnownFileType = sourcecode.swift; path = ArtistsController.swift; sourceTree = "<group>"; };
		FA1250451D3D14F300F77434 /* ArtistViewController.swift */ = {isa = PBXFileReference; fileEncoding = 4; lastKnownFileType = sourcecode.swift; path = ArtistViewController.swift; sourceTree = "<group>"; };
		FA1250461D3D14F300F77434 /* ArtistViewController.xib */ = {isa = PBXFileReference; fileEncoding = 4; lastKnownFileType = file.xib; path = ArtistViewController.xib; sourceTree = "<group>"; };
		FA1250491D3E292A00F77434 /* WebService.swift */ = {isa = PBXFileReference; fileEncoding = 4; lastKnownFileType = sourcecode.swift; path = WebService.swift; sourceTree = "<group>"; };
/* End PBXFileReference section */

/* Begin PBXFrameworksBuildPhase section */
		FA124FE01D3C1E4900F77434 /* Frameworks */ = {
			isa = PBXFrameworksBuildPhase;
			buildActionMask = 2147483647;
			files = (
				BB6D74EF1D6954B012419D77 /* Pods_Tune_In.framework in Frameworks */,
			);
			runOnlyForDeploymentPostprocessing = 0;
		};
/* End PBXFrameworksBuildPhase section */

/* Begin PBXGroup section */
		096BEA134794EC6FB9B961F2 /* Pods */ = {
			isa = PBXGroup;
			children = (
				152DA8CED487FEA7742BBDF2 /* Pods-Tune In.debug.xcconfig */,
				8F05DD3E5176DA6935DA4480 /* Pods-Tune In.release.xcconfig */,
			);
			name = Pods;
			sourceTree = "<group>";
		};
		8D4F29CB4F7B7864F7C276D2 /* Frameworks */ = {
			isa = PBXGroup;
			children = (
				7F9D54739BB49ABC65AFD584 /* Pods_Tune_In.framework */,
			);
			name = Frameworks;
			sourceTree = "<group>";
		};
		FA124FDA1D3C1E4900F77434 = {
			isa = PBXGroup;
			children = (
				FA124FFC1D3C2E0600F77434 /* ViewController.swift */,
				FA124FFD1D3C2E0600F77434 /* ViewController.xib */,
				FA12501F1D3CD6EF00F77434 /* ArtistsController.swift */,
				FA1250491D3E292A00F77434 /* WebService.swift */,
				FA1250451D3D14F300F77434 /* ArtistViewController.swift */,
				FA1250461D3D14F300F77434 /* ArtistViewController.xib */,
				FA1250061D3CD1FB00F77434 /* TableViewCell.swift */,
				FA1250071D3CD1FB00F77434 /* TableViewCell.xib */,
				FA12501D1D3CD57300F77434 /* ArtistEntry.swift */,
				FA1250041D3CCA3D00F77434 /* CustomColors.swift */,
				FA124FE51D3C1E4900F77434 /* Tune In */,
				FA124FE41D3C1E4900F77434 /* Products */,
				096BEA134794EC6FB9B961F2 /* Pods */,
				8D4F29CB4F7B7864F7C276D2 /* Frameworks */,
			);
			sourceTree = "<group>";
		};
		FA124FE41D3C1E4900F77434 /* Products */ = {
			isa = PBXGroup;
			children = (
				FA124FE31D3C1E4900F77434 /* Tune In.app */,
			);
			name = Products;
			sourceTree = "<group>";
		};
		FA124FE51D3C1E4900F77434 /* Tune In */ = {
			isa = PBXGroup;
			children = (
				FA124FE61D3C1E4900F77434 /* AppDelegate.swift */,
				FA124FED1D3C1E4900F77434 /* Assets.xcassets */,
				FA124FEF1D3C1E4900F77434 /* LaunchScreen.storyboard */,
				FA124FF21D3C1E4900F77434 /* Info.plist */,
				FA12501C1D3CD38200F77434 /* Fonts */,
			);
			path = "Tune In";
			sourceTree = "<group>";
		};
		FA12501C1D3CD38200F77434 /* Fonts */ = {
			isa = PBXGroup;
			children = (
				FA1250001D3CC92D00F77434 /* Montserrat-Bold.ttf */,
				FA1250011D3CC92D00F77434 /* Montserrat-Regular.ttf */,
				FA12500A1D3CD37D00F77434 /* Raleway-Black.ttf */,
				FA12500B1D3CD37D00F77434 /* Raleway-BlackItalic.ttf */,
				FA12500C1D3CD37D00F77434 /* Raleway-Bold.ttf */,
				FA12500D1D3CD37D00F77434 /* Raleway-BoldItalic.ttf */,
				FA12500E1D3CD37D00F77434 /* Raleway-ExtraBold.ttf */,
				FA12500F1D3CD37D00F77434 /* Raleway-ExtraBoldItalic.ttf */,
				FA1250101D3CD37D00F77434 /* Raleway-ExtraLight.ttf */,
				FA1250111D3CD37D00F77434 /* Raleway-ExtraLightItalic.ttf */,
				FA1250121D3CD37D00F77434 /* Raleway-Italic.ttf */,
				FA1250131D3CD37D00F77434 /* Raleway-Light.ttf */,
				FA1250141D3CD37D00F77434 /* Raleway-LightItalic.ttf */,
				FA1250151D3CD37D00F77434 /* Raleway-Medium.ttf */,
				FA1250161D3CD37D00F77434 /* Raleway-MediumItalic.ttf */,
				FA1250171D3CD37D00F77434 /* Raleway-Regular.ttf */,
				FA1250181D3CD37D00F77434 /* Raleway-SemiBold.ttf */,
				FA1250191D3CD37D00F77434 /* Raleway-SemiBoldItalic.ttf */,
				FA12501A1D3CD37D00F77434 /* Raleway-Thin.ttf */,
				FA12501B1D3CD37D00F77434 /* Raleway-ThinItalic.ttf */,
			);
			name = Fonts;
			sourceTree = "<group>";
		};
/* End PBXGroup section */

/* Begin PBXNativeTarget section */
		FA124FE21D3C1E4900F77434 /* Tune In */ = {
			isa = PBXNativeTarget;
			buildConfigurationList = FA124FF51D3C1E4900F77434 /* Build configuration list for PBXNativeTarget "Tune In" */;
			buildPhases = (
				08A151EBA75F1F59EAFB2888 /* [CP] Check Pods Manifest.lock */,
				FA124FDF1D3C1E4900F77434 /* Sources */,
				FA124FE01D3C1E4900F77434 /* Frameworks */,
				FA124FE11D3C1E4900F77434 /* Resources */,
				681E296CBE0A147926AAE372 /* [CP] Embed Pods Frameworks */,
				ADFAC1C3C6D61DC4734D078E /* [CP] Copy Pods Resources */,
			);
			buildRules = (
			);
			dependencies = (
			);
			name = "Tune In";
			productName = "Tune In";
			productReference = FA124FE31D3C1E4900F77434 /* Tune In.app */;
			productType = "com.apple.product-type.application";
		};
/* End PBXNativeTarget section */

/* Begin PBXProject section */
		FA124FDB1D3C1E4900F77434 /* Project object */ = {
			isa = PBXProject;
			attributes = {
				LastSwiftUpdateCheck = 0730;
				LastUpgradeCheck = 0730;
				ORGANIZATIONNAME = "Jason Brill";
				TargetAttributes = {
					FA124FE21D3C1E4900F77434 = {
						CreatedOnToolsVersion = 7.3.1;
						DevelopmentTeam = 6ADK7Y8S57;
					};
				};
			};
			buildConfigurationList = FA124FDE1D3C1E4900F77434 /* Build configuration list for PBXProject "Tune In" */;
			compatibilityVersion = "Xcode 3.2";
			developmentRegion = English;
			hasScannedForEncodings = 0;
			knownRegions = (
				en,
				Base,
			);
			mainGroup = FA124FDA1D3C1E4900F77434;
			productRefGroup = FA124FE41D3C1E4900F77434 /* Products */;
			projectDirPath = "";
			projectRoot = "";
			targets = (
				FA124FE21D3C1E4900F77434 /* Tune In */,
			);
		};
/* End PBXProject section */

/* Begin PBXResourcesBuildPhase section */
		FA124FE11D3C1E4900F77434 /* Resources */ = {
			isa = PBXResourcesBuildPhase;
			buildActionMask = 2147483647;
			files = (
				FA1250021D3CC92D00F77434 /* Montserrat-Bold.ttf in Resources */,
				FA1250091D3CD1FB00F77434 /* TableViewCell.xib in Resources */,
				FA124FF11D3C1E4900F77434 /* LaunchScreen.storyboard in Resources */,
				FA1250481D3D14F300F77434 /* ArtistViewController.xib in Resources */,
				FA124FFF1D3C2E0600F77434 /* ViewController.xib in Resources */,
				FA1250031D3CC92D00F77434 /* Montserrat-Regular.ttf in Resources */,
				FA124FEE1D3C1E4900F77434 /* Assets.xcassets in Resources */,
			);
			runOnlyForDeploymentPostprocessing = 0;
		};
/* End PBXResourcesBuildPhase section */

/* Begin PBXShellScriptBuildPhase section */
		08A151EBA75F1F59EAFB2888 /* [CP] Check Pods Manifest.lock */ = {
			isa = PBXShellScriptBuildPhase;
			buildActionMask = 2147483647;
			files = (
			);
			inputPaths = (
			);
			name = "[CP] Check Pods Manifest.lock";
			outputPaths = (
			);
			runOnlyForDeploymentPostprocessing = 0;
			shellPath = /bin/sh;
			shellScript = "diff \"${PODS_ROOT}/../Podfile.lock\" \"${PODS_ROOT}/Manifest.lock\" > /dev/null\nif [[ $? != 0 ]] ; then\n    cat << EOM\nerror: The sandbox is not in sync with the Podfile.lock. Run 'pod install' or update your CocoaPods installation.\nEOM\n    exit 1\nfi\n";
			showEnvVarsInLog = 0;
		};
		681E296CBE0A147926AAE372 /* [CP] Embed Pods Frameworks */ = {
			isa = PBXShellScriptBuildPhase;
			buildActionMask = 2147483647;
			files = (
			);
			inputPaths = (
			);
			name = "[CP] Embed Pods Frameworks";
			outputPaths = (
			);
			runOnlyForDeploymentPostprocessing = 0;
			shellPath = /bin/sh;
			shellScript = "\"${SRCROOT}/Pods/Target Support Files/Pods-Tune In/Pods-Tune In-frameworks.sh\"\n";
			showEnvVarsInLog = 0;
		};
		ADFAC1C3C6D61DC4734D078E /* [CP] Copy Pods Resources */ = {
			isa = PBXShellScriptBuildPhase;
			buildActionMask = 2147483647;
			files = (
			);
			inputPaths = (
			);
			name = "[CP] Copy Pods Resources";
			outputPaths = (
			);
			runOnlyForDeploymentPostprocessing = 0;
			shellPath = /bin/sh;
			shellScript = "\"${SRCROOT}/Pods/Target Support Files/Pods-Tune In/Pods-Tune In-resources.sh\"\n";
			showEnvVarsInLog = 0;
		};
/* End PBXShellScriptBuildPhase section */

/* Begin PBXSourcesBuildPhase section */
		FA124FDF1D3C1E4900F77434 /* Sources */ = {
			isa = PBXSourcesBuildPhase;
			buildActionMask = 2147483647;
			files = (
				FA1250201D3CD6EF00F77434 /* ArtistsController.swift in Sources */,
				FA12501E1D3CD57300F77434 /* ArtistEntry.swift in Sources */,
				FA12504A1D3E292A00F77434 /* WebService.swift in Sources */,
				FA124FFE1D3C2E0600F77434 /* ViewController.swift in Sources */,
				FA1250471D3D14F300F77434 /* ArtistViewController.swift in Sources */,
				FA1250081D3CD1FB00F77434 /* TableViewCell.swift in Sources */,
				FA1250051D3CCA3D00F77434 /* CustomColors.swift in Sources */,
				FA124FE71D3C1E4900F77434 /* AppDelegate.swift in Sources */,
			);
			runOnlyForDeploymentPostprocessing = 0;
		};
/* End PBXSourcesBuildPhase section */

/* Begin PBXVariantGroup section */
		FA124FEF1D3C1E4900F77434 /* LaunchScreen.storyboard */ = {
			isa = PBXVariantGroup;
			children = (
				FA124FF01D3C1E4900F77434 /* Base */,
			);
			name = LaunchScreen.storyboard;
			sourceTree = "<group>";
		};
/* End PBXVariantGroup section */

/* Begin XCBuildConfiguration section */
		FA124FF31D3C1E4900F77434 /* Debug */ = {
			isa = XCBuildConfiguration;
			buildSettings = {
				ALWAYS_SEARCH_USER_PATHS = NO;
				CLANG_ANALYZER_NONNULL = YES;
				CLANG_CXX_LANGUAGE_STANDARD = "gnu++0x";
				CLANG_CXX_LIBRARY = "libc++";
				CLANG_ENABLE_MODULES = YES;
				CLANG_ENABLE_OBJC_ARC = YES;
				CLANG_WARN_BOOL_CONVERSION = YES;
				CLANG_WARN_CONSTANT_CONVERSION = YES;
				CLANG_WARN_DIRECT_OBJC_ISA_USAGE = YES_ERROR;
				CLANG_WARN_EMPTY_BODY = YES;
				CLANG_WARN_ENUM_CONVERSION = YES;
				CLANG_WARN_INT_CONVERSION = YES;
				CLANG_WARN_OBJC_ROOT_CLASS = YES_ERROR;
				CLANG_WARN_UNREACHABLE_CODE = YES;
				CLANG_WARN__DUPLICATE_METHOD_MATCH = YES;
				"CODE_SIGN_IDENTITY[sdk=iphoneos*]" = "iPhone Developer";
				COPY_PHASE_STRIP = NO;
				DEBUG_INFORMATION_FORMAT = dwarf;
				ENABLE_STRICT_OBJC_MSGSEND = YES;
				ENABLE_TESTABILITY = YES;
				GCC_C_LANGUAGE_STANDARD = gnu99;
				GCC_DYNAMIC_NO_PIC = NO;
				GCC_NO_COMMON_BLOCKS = YES;
				GCC_OPTIMIZATION_LEVEL = 0;
				GCC_PREPROCESSOR_DEFINITIONS = (
					"DEBUG=1",
					"$(inherited)",
				);
				GCC_WARN_64_TO_32_BIT_CONVERSION = YES;
				GCC_WARN_ABOUT_RETURN_TYPE = YES_ERROR;
				GCC_WARN_UNDECLARED_SELECTOR = YES;
				GCC_WARN_UNINITIALIZED_AUTOS = YES_AGGRESSIVE;
				GCC_WARN_UNUSED_FUNCTION = YES;
				GCC_WARN_UNUSED_VARIABLE = YES;
				IPHONEOS_DEPLOYMENT_TARGET = 9.3;
				MTL_ENABLE_DEBUG_INFO = YES;
				ONLY_ACTIVE_ARCH = YES;
				SDKROOT = iphoneos;
				SWIFT_OPTIMIZATION_LEVEL = "-Onone";
				TARGETED_DEVICE_FAMILY = "1,2";
			};
			name = Debug;
		};
		FA124FF41D3C1E4900F77434 /* Release */ = {
			isa = XCBuildConfiguration;
			buildSettings = {
				ALWAYS_SEARCH_USER_PATHS = NO;
				CLANG_ANALYZER_NONNULL = YES;
				CLANG_CXX_LANGUAGE_STANDARD = "gnu++0x";
				CLANG_CXX_LIBRARY = "libc++";
				CLANG_ENABLE_MODULES = YES;
				CLANG_ENABLE_OBJC_ARC = YES;
				CLANG_WARN_BOOL_CONVERSION = YES;
				CLANG_WARN_CONSTANT_CONVERSION = YES;
				CLANG_WARN_DIRECT_OBJC_ISA_USAGE = YES_ERROR;
				CLANG_WARN_EMPTY_BODY = YES;
				CLANG_WARN_ENUM_CONVERSION = YES;
				CLANG_WARN_INT_CONVERSION = YES;
				CLANG_WARN_OBJC_ROOT_CLASS = YES_ERROR;
				CLANG_WARN_UNREACHABLE_CODE = YES;
				CLANG_WARN__DUPLICATE_METHOD_MATCH = YES;
				"CODE_SIGN_IDENTITY[sdk=iphoneos*]" = "iPhone Developer";
				COPY_PHASE_STRIP = NO;
				DEBUG_INFORMATION_FORMAT = "dwarf-with-dsym";
				ENABLE_NS_ASSERTIONS = NO;
				ENABLE_STRICT_OBJC_MSGSEND = YES;
				GCC_C_LANGUAGE_STANDARD = gnu99;
				GCC_NO_COMMON_BLOCKS = YES;
				GCC_WARN_64_TO_32_BIT_CONVERSION = YES;
				GCC_WARN_ABOUT_RETURN_TYPE = YES_ERROR;
				GCC_WARN_UNDECLARED_SELECTOR = YES;
				GCC_WARN_UNINITIALIZED_AUTOS = YES_AGGRESSIVE;
				GCC_WARN_UNUSED_FUNCTION = YES;
				GCC_WARN_UNUSED_VARIABLE = YES;
				IPHONEOS_DEPLOYMENT_TARGET = 9.3;
				MTL_ENABLE_DEBUG_INFO = NO;
				SDKROOT = iphoneos;
				TARGETED_DEVICE_FAMILY = "1,2";
				VALIDATE_PRODUCT = YES;
			};
			name = Release;
		};
		FA124FF61D3C1E4900F77434 /* Debug */ = {
			isa = XCBuildConfiguration;
			baseConfigurationReference = 152DA8CED487FEA7742BBDF2 /* Pods-Tune In.debug.xcconfig */;
			buildSettings = {
				ASSETCATALOG_COMPILER_APPICON_NAME = AppIcon;
				CODE_SIGN_IDENTITY = "iPhone Developer";
				"CODE_SIGN_IDENTITY[sdk=iphoneos*]" = "iPhone Developer";
				INFOPLIST_FILE = "Tune In/Info.plist";
				LD_RUNPATH_SEARCH_PATHS = "$(inherited) @executable_path/Frameworks";
				PRODUCT_BUNDLE_IDENTIFIER = "com.jbrill.Tune-In";
				PRODUCT_NAME = "$(TARGET_NAME)";
				PROVISIONING_PROFILE = "";
			};
			name = Debug;
		};
		FA124FF71D3C1E4900F77434 /* Release */ = {
			isa = XCBuildConfiguration;
			baseConfigurationReference = 8F05DD3E5176DA6935DA4480 /* Pods-Tune In.release.xcconfig */;
			buildSettings = {
				ASSETCATALOG_COMPILER_APPICON_NAME = AppIcon;
				CODE_SIGN_IDENTITY = "iPhone Developer";
				"CODE_SIGN_IDENTITY[sdk=iphoneos*]" = "iPhone Developer";
				INFOPLIST_FILE = "Tune In/Info.plist";
				LD_RUNPATH_SEARCH_PATHS = "$(inherited) @executable_path/Frameworks";
				PRODUCT_BUNDLE_IDENTIFIER = "com.jbrill.Tune-In";
				PRODUCT_NAME = "$(TARGET_NAME)";
				PROVISIONING_PROFILE = "";
			};
			name = Release;
		};
/* End XCBuildConfiguration section */

/* Begin XCConfigurationList section */
		FA124FDE1D3C1E4900F77434 /* Build configuration list for PBXProject "Tune In" */ = {
			isa = XCConfigurationList;
			buildConfigurations = (
				FA124FF31D3C1E4900F77434 /* Debug */,
				FA124FF41D3C1E4900F77434 /* Release */,
			);
			defaultConfigurationIsVisible = 0;
			defaultConfigurationName = Release;
		};
		FA124FF51D3C1E4900F77434 /* Build configuration list for PBXNativeTarget "Tune In" */ = {
			isa = XCConfigurationList;
			buildConfigurations = (
				FA124FF61D3C1E4900F77434 /* Debug */,
				FA124FF71D3C1E4900F77434 /* Release */,
			);
			defaultConfigurationIsVisible = 0;
			defaultConfigurationName = Release;
		};
/* End XCConfigurationList section */
	};
	rootObject = FA124FDB1D3C1E4900F77434 /* Project object */;
}
